
Microsoft Visual Studio Solution File, Format Version 12.00
# Visual Studio 15
VisualStudioVersion = 15.0.28307.271
MinimumVisualStudioVersion = 10.0.40219.1
Project("{FAE04EC0-301F-11D3-BF4B-00C04F79EFBC}") = "RectangleAssignment", "RectangleAssignment\RectangleAssignment.csproj", "{DA577621-3CBF-4158-AF85-A325748A9C63}"
EndProject
Project("{FAE04EC0-301F-11D3-BF4B-00C04F79EFBC}") = "RectangleTests", "RectangleTests\RectangleTests.csproj", "{03C9D3F0-9F6C-49AA-A356-F51FE23A16FB}"
EndProject
Global
	GlobalSection(SolutionConfigurationPlatforms) = preSolution
		Debug|Any CPU = Debug|Any CPU
		Release|Any CPU = Release|Any CPU
	EndGlobalSection
	GlobalSection(ProjectConfigurationPlatforms) = postSolution
		{DA577621-3CBF-4158-AF85-A325748A9C63}.Debug|Any CPU.ActiveCfg = Debug|Any CPU
		{DA577621-3CBF-4158-AF85-A325748A9C63}.Debug|Any CPU.Build.0 = Debug|Any CPU
		{DA577621-3CBF-4158-AF85-A325748A9C63}.Release|Any CPU.ActiveCfg = Release|Any CPU
		{DA577621-3CBF-4158-AF85-A325748A9C63}.Release|Any CPU.Build.0 = Release|Any CPU
		{03C9D3F0-9F6C-49AA-A356-F51FE23A16FB}.Debug|Any CPU.ActiveCfg = Debug|Any CPU
		{03C9D3F0-9F6C-49AA-A356-F51FE23A16FB}.Debug|Any CPU.Build.0 = Debug|Any CPU
		{03C9D3F0-9F6C-49AA-A356-F51FE23A16FB}.Release|Any CPU.ActiveCfg = Release|Any CPU
		{03C9D3F0-9F6C-49AA-A356-F51FE23A16FB}.Release|Any CPU.Build.0 = Release|Any CPU
	EndGlobalSection
	GlobalSection(SolutionProperties) = preSolution
		HideSolutionNode = FALSE
	EndGlobalSection
	GlobalSection(ExtensibilityGlobals) = postSolution
		SolutionGuid = {D4898C59-73C5-4518-B77A-80A7EE648769}
	EndGlobalSection
EndGlobal
